Microsoft Visual Studio Solution File, Format Version 12.00
# Visual Studio Version 17
VisualStudioVersion = 17.5.2.0
MinimumVisualStudioVersion = 10.0.40219.1
Project("{FAE04EC0-301F-11D3-BF4B-00C04F79EFBC}") = "HelloMaui", "HelloMaui.csproj", "{13B368F9-6634-437F-73B3-F07DDE610F45}"
EndProject
Global
	GlobalSection(SolutionConfigurationPlatforms) = preSolution
		Debug|Any CPU = Debug|Any CPU
		Release|Any CPU = Release|Any CPU
	EndGlobalSection
	GlobalSection(ProjectConfigurationPlatforms) = postSolution
		{13B368F9-6634-437F-73B3-F07DDE610F45}.Debug|Any CPU.ActiveCfg = Debug|Any CPU
		{13B368F9-6634-437F-73B3-F07DDE610F45}.Debug|Any CPU.Build.0 = Debug|Any CPU
		{13B368F9-6634-437F-73B3-F07DDE610F45}.Release|Any CPU.ActiveCfg = Release|Any CPU
		{13B368F9-6634-437F-73B3-F07DDE610F45}.Release|Any CPU.Build.0 = Release|Any CPU
	EndGlobalSection
	GlobalSection(SolutionProperties) = preSolution
		HideSolutionNode = FALSE
	EndGlobalSection
	GlobalSection(ExtensibilityGlobals) = postSolution
		SolutionGuid = {24F62F0B-FA26-45F3-BBB1-2887CB5B80EB}
	EndGlobalSection
EndGlobal
